
Microsoft Visual Studio Solution File, Format Version 12.00
# Visual Studio Version 16
VisualStudioVersion = 16.0.30320.27
MinimumVisualStudioVersion = 10.0.40219.1
Project("{FAE04EC0-301F-11D3-BF4B-00C04F79EFBC}") = "WebApplication5", "WebApplication5\WebApplication5.csproj", "{61DB7C1E-6E00-43A1-A86C-3BA772E8ADF8}"
EndProject
Project("{FAE04EC0-301F-11D3-BF4B-00C04F79EFBC}") = "WebApplication5Tests", "WebApplication5Tests\WebApplication5Tests.csproj", "{D1FF8FB2-FCC6-440C-AF29-644AF0274ADC}"
EndProject
Global
	GlobalSection(SolutionConfigurationPlatforms) = preSolution
		Debug|Any CPU = Debug|Any CPU
		Release|Any CPU = Release|Any CPU
	EndGlobalSection
	GlobalSection(ProjectConfigurationPlatforms) = postSolution
		{61DB7C1E-6E00-43A1-A86C-3BA772E8ADF8}.Debug|Any CPU.ActiveCfg = Debug|Any CPU
		{61DB7C1E-6E00-43A1-A86C-3BA772E8ADF8}.Debug|Any CPU.Build.0 = Debug|Any CPU
		{61DB7C1E-6E00-43A1-A86C-3BA772E8ADF8}.Release|Any CPU.ActiveCfg = Release|Any CPU
		{61DB7C1E-6E00-43A1-A86C-3BA772E8ADF8}.Release|Any CPU.Build.0 = Release|Any CPU
		{D1FF8FB2-FCC6-440C-AF29-644AF0274ADC}.Debug|Any CPU.ActiveCfg = Debug|Any CPU
		{D1FF8FB2-FCC6-440C-AF29-644AF0274ADC}.Debug|Any CPU.Build.0 = Debug|Any CPU
		{D1FF8FB2-FCC6-440C-AF29-644AF0274ADC}.Release|Any CPU.ActiveCfg = Release|Any CPU
		{D1FF8FB2-FCC6-440C-AF29-644AF0274ADC}.Release|Any CPU.Build.0 = Release|Any CPU
	EndGlobalSection
	GlobalSection(SolutionProperties) = preSolution
		HideSolutionNode = FALSE
	EndGlobalSection
	GlobalSection(ExtensibilityGlobals) = postSolution
		SolutionGuid = {02860359-5BBA-4DBF-BC15-9CB9793621D6}
	EndGlobalSection
EndGlobal
